
Microsoft Visual Studio Solution File, Format Version 12.00
# Visual Studio Version 17
VisualStudioVersion = 17.11.35327.3
MinimumVisualStudioVersion = 10.0.40219.1
Project("{FAE04EC0-301F-11D3-BF4B-00C04F79EFBC}") = "RESTforCD11", "RESTforCD11\RESTforCD11.csproj", "{2B3905E5-0263-4CDF-8C2C-FA74EA1EAD51}"
EndProject
Global
	GlobalSection(SolutionConfigurationPlatforms) = preSolution
		Debug|Any CPU = Debug|Any CPU
		Release|Any CPU = Release|Any CPU
	EndGlobalSection
	GlobalSection(ProjectConfigurationPlatforms) = postSolution
		{2B3905E5-0263-4CDF-8C2C-FA74EA1EAD51}.Debug|Any CPU.ActiveCfg = Debug|Any CPU
		{2B3905E5-0263-4CDF-8C2C-FA74EA1EAD51}.Debug|Any CPU.Build.0 = Debug|Any CPU
		{2B3905E5-0263-4CDF-8C2C-FA74EA1EAD51}.Release|Any CPU.ActiveCfg = Release|Any CPU
		{2B3905E5-0263-4CDF-8C2C-FA74EA1EAD51}.Release|Any CPU.Build.0 = Release|Any CPU
	EndGlobalSection
	GlobalSection(SolutionProperties) = preSolution
		HideSolutionNode = FALSE
	EndGlobalSection
	GlobalSection(ExtensibilityGlobals) = postSolution
		SolutionGuid = {EC32C157-843F-4F7B-A847-722D9444D38C}
	EndGlobalSection
EndGlobal
